
Microsoft Visual Studio Solution File, Format Version 12.00
# Visual Studio Version 16
VisualStudioVersion = 16.0.31321.278
MinimumVisualStudioVersion = 10.0.40219.1
Project("{FAE04EC0-301F-11D3-BF4B-00C04F79EFBC}") = "SelectionSort", "SelectionSort\SelectionSort.csproj", "{4939F23F-2549-4CC1-ACF7-7EEA369DBF29}"
EndProject
Global
	GlobalSection(SolutionConfigurationPlatforms) = preSolution
		Debug|Any CPU = Debug|Any CPU
		Release|Any CPU = Release|Any CPU
	EndGlobalSection
	GlobalSection(ProjectConfigurationPlatforms) = postSolution
		{4939F23F-2549-4CC1-ACF7-7EEA369DBF29}.Debug|Any CPU.ActiveCfg = Debug|Any CPU
		{4939F23F-2549-4CC1-ACF7-7EEA369DBF29}.Debug|Any CPU.Build.0 = Debug|Any CPU
		{4939F23F-2549-4CC1-ACF7-7EEA369DBF29}.Release|Any CPU.ActiveCfg = Release|Any CPU
		{4939F23F-2549-4CC1-ACF7-7EEA369DBF29}.Release|Any CPU.Build.0 = Release|Any CPU
	EndGlobalSection
	GlobalSection(SolutionProperties) = preSolution
		HideSolutionNode = FALSE
	EndGlobalSection
	GlobalSection(ExtensibilityGlobals) = postSolution
		SolutionGuid = {368EF992-ABD0-48AC-8EBE-1906B74ABBC4}
	EndGlobalSection
EndGlobal
